<?xml version="1.0" encoding="utf-8"?>
<Project ToolsVersion="4.0" xmlns="http://schemas.microsoft.com/developer/msbuild/2003">
  <ItemGroup>
    <Filter Include="Source Files">
      <UniqueIdentifier>{4FC737F1-C7A5-4376-A066-2A32D752A2FF}</UniqueIdentifier>
      <Extensions>qml;cpp;c;cc;cxx;def;odl;idl;hpj;bat;asm;asmx</Extensions>
    </Filter>
    <Filter Include="Header Files">
      <UniqueIdentifier>{93995380-89BD-4b04-88EB-625FBE52EBFB}</UniqueIdentifier>
      <Extensions>h;hh;hpp;hxx;hm;inl;inc;xsd</Extensions>
    </Filter>
    <Filter Include="Resource Files">
      <UniqueIdentifier>{67DA6AB6-F800-4c08-8B7A-83BB121AAD01}</UniqueIdentifier>
      <Extensions>qrc;rc;ico;cur;bmp;dlg;rc2;rct;bin;rgs;gif;jpg;jpeg;jpe;resx;tiff;tif;png;wav;mfcribbon-ms</Extensions>
    </Filter>
    <Filter Include="Form Files">
      <UniqueIdentifier>{99349809-55BA-4b9d-BF79-8FDBB0286EB3}</UniqueIdentifier>
      <Extensions>ui</Extensions>
    </Filter>
    <Filter Include="Translation Files">
      <UniqueIdentifier>{639EADAA-A684-42e4-A9AD-28FC9BCB8F7C}</UniqueIdentifier>
      <Extensions>ts</Extensions>
    </Filter>
    <Filter Include="Model">
      <UniqueIdentifier>{dc75b38f-f7f9-474d-8b8e-5724c306c712}</UniqueIdentifier>
    </Filter>
    <Filter Include="View">
      <UniqueIdentifier>{5fbe82ea-dfe7-406f-87bb-054d73ffcd4d}</UniqueIdentifier>
    </Filter>
  </ItemGroup>
  <ItemGroup>
    <QtRcc Include="TP5_WeatherStation.qrc">
      <Filter>Resource Files</Filter>
    </QtRcc>
    <QtUic Include="TP5_WeatherStation.ui">
      <Filter>Form Files</Filter>
    </QtUic>
    <QtMoc Include="TP5_WeatherStation.h">
      <Filter>Header Files</Filter>
    </QtMoc>
    <ClCompile Include="TP5_WeatherStation.cpp">
      <Filter>Source Files</Filter>
    </ClCompile>
  </ItemGroup>
  <ItemGroup>
    <ClCompile Include="main.cpp">
      <Filter>Source Files</Filter>
    </ClCompile>
    <ClCompile Include="dbmanager.cpp">
      <Filter>Model</Filter>
    </ClCompile>
    <ClCompile Include="viewpollution.cpp">
      <Filter>View</Filter>
    </ClCompile>
    <ClCompile Include="viewreport.cpp">
      <Filter>View</Filter>
    </ClCompile>
    <ClCompile Include="weatherreport.cpp">
      <Filter>Model</Filter>
    </ClCompile>
  </ItemGroup>
  <ItemGroup>
    <ClInclude Include="weatherreport.h">
      <Filter>Model</Filter>
    </ClInclude>
    <ClInclude Include="dbmanager.h">
      <Filter>Model</Filter>
    </ClInclude>
    <ClInclude Include="observer.h">
      <Filter>Header Files</Filter>
    </ClInclude>
  </ItemGroup>
  <ItemGroup>
    <QtMoc Include="viewpollution.h">
      <Filter>View</Filter>
    </QtMoc>
    <QtMoc Include="viewreport.h">
      <Filter>View</Filter>
    </QtMoc>
  </ItemGroup>
</Project>